// !$*UTF8*$!
{
	archiveVersion = 1;
	classes = {
	};
	objectVersion = 51;
	objects = {

/* Begin PBXBuildFile section */
		2152FB042600AC8F00CF470E /* iOSApp.swift in Sources */ = {isa = PBXBuildFile; fileRef = 2152FB032600AC8F00CF470E /* iOSApp.swift */; };
		22BB5107264307FB001255A9 /* Avenir.ttc in Resources */ = {isa = PBXBuildFile; fileRef = 22BB5106264307FB001255A9 /* Avenir.ttc */; };
		22BB510B26430883001255A9 /* Color.swift in Sources */ = {isa = PBXBuildFile; fileRef = 22BB510A26430883001255A9 /* Color.swift */; };
		22BB512226431037001255A9 /* assets.xcassets in Resources */ = {isa = PBXBuildFile; fileRef = 22BB512126431037001255A9 /* assets.xcassets */; };
		22BB512826431072001255A9 /* DefaultText.swift in Sources */ = {isa = PBXBuildFile; fileRef = 22BB512426431071001255A9 /* DefaultText.swift */; };
		22BB512926431072001255A9 /* FoodCategoryChip.swift in Sources */ = {isa = PBXBuildFile; fileRef = 22BB512526431071001255A9 /* FoodCategoryChip.swift */; };
		22BB512A26431072001255A9 /* RecipeCard.swift in Sources */ = {isa = PBXBuildFile; fileRef = 22BB512626431072001255A9 /* RecipeCard.swift */; };
		22BB512B26431072001255A9 /* SearchAppBar.swift in Sources */ = {isa = PBXBuildFile; fileRef = 22BB512726431072001255A9 /* SearchAppBar.swift */; };
		22BB513126431109001255A9 /* RecipeDetailScreen.swift in Sources */ = {isa = PBXBuildFile; fileRef = 22BB513026431109001255A9 /* RecipeDetailScreen.swift */; };
		22BB513526431111001255A9 /* RecipeListScreen.swift in Sources */ = {isa = PBXBuildFile; fileRef = 22BB513326431111001255A9 /* RecipeListScreen.swift */; };
		22BB513626431111001255A9 /* RecipeListViewModel.swift in Sources */ = {isa = PBXBuildFile; fileRef = 22BB513426431111001255A9 /* RecipeListViewModel.swift */; };
		22D3B890264325200002A1CB /* RecipeDetailViewModel.swift in Sources */ = {isa = PBXBuildFile; fileRef = 22D3B88F264325200002A1CB /* RecipeDetailViewModel.swift */; };
		22D3B894264325FD0002A1CB /* RecipeView.swift in Sources */ = {isa = PBXBuildFile; fileRef = 22D3B893264325FD0002A1CB /* RecipeView.swift */; };
		22D3B89F2645B0320002A1CB /* GenericMessageInfoAlert.swift in Sources */ = {isa = PBXBuildFile; fileRef = 22D3B89E2645B0320002A1CB /* GenericMessageInfoAlert.swift */; };
		5BDB47D334868C22A88CE278 /* Pods_iosFood2Fork.framework in Frameworks */ = {isa = PBXBuildFile; fileRef = 219AB49DE46487BC9CE2CA74 /* Pods_iosFood2Fork.framework */; };
/* End PBXBuildFile section */

/* Begin PBXFileReference section */
		2152FB032600AC8F00CF470E /* iOSApp.swift */ = {isa = PBXFileReference; lastKnownFileType = sourcecode.swift; path = iOSApp.swift; sourceTree = "<group>"; };
		219AB49DE46487BC9CE2CA74 /* Pods_iosFood2Fork.framework */ = {isa = PBXFileReference; explicitFileType = wrapper.framework; includeInIndex = 0; path = Pods_iosFood2Fork.framework; sourceTree = BUILT_PRODUCTS_DIR; };
		22BB5106264307FB001255A9 /* Avenir.ttc */ = {isa = PBXFileReference; lastKnownFileType = file; path = Avenir.ttc; sourceTree = "<group>"; };
		22BB510A26430883001255A9 /* Color.swift */ = {isa = PBXFileReference; lastKnownFileType = sourcecode.swift; path = Color.swift; sourceTree = "<group>"; };
		22BB512126431037001255A9 /* assets.xcassets */ = {isa = PBXFileReference; lastKnownFileType = folder.assetcatalog; path = assets.xcassets; sourceTree = "<group>"; };
		22BB512426431071001255A9 /* DefaultText.swift */ = {isa = PBXFileReference; fileEncoding = 4; lastKnownFileType = sourcecode.swift; path = DefaultText.swift; sourceTree = "<group>"; };
		22BB512526431071001255A9 /* FoodCategoryChip.swift */ = {isa = PBXFileReference; fileEncoding = 4; lastKnownFileType = sourcecode.swift; path = FoodCategoryChip.swift; sourceTree = "<group>"; };
		22BB512626431072001255A9 /* RecipeCard.swift */ = {isa = PBXFileReference; fileEncoding = 4; lastKnownFileType = sourcecode.swift; path = RecipeCard.swift; sourceTree = "<group>"; };
		22BB512726431072001255A9 /* SearchAppBar.swift */ = {isa = PBXFileReference; fileEncoding = 4; lastKnownFileType = sourcecode.swift; path = SearchAppBar.swift; sourceTree = "<group>"; };
		22BB513026431109001255A9 /* RecipeDetailScreen.swift */ = {isa = PBXFileReference; fileEncoding = 4; lastKnownFileType = sourcecode.swift; path = RecipeDetailScreen.swift; sourceTree = "<group>"; };
		22BB513326431111001255A9 /* RecipeListScreen.swift */ = {isa = PBXFileReference; fileEncoding = 4; lastKnownFileType = sourcecode.swift; path = RecipeListScreen.swift; sourceTree = "<group>"; };
		22BB513426431111001255A9 /* RecipeListViewModel.swift */ = {isa = PBXFileReference; fileEncoding = 4; lastKnownFileType = sourcecode.swift; path = RecipeListViewModel.swift; sourceTree = "<group>"; };
		22D3B88F264325200002A1CB /* RecipeDetailViewModel.swift */ = {isa = PBXFileReference; lastKnownFileType = sourcecode.swift; path = RecipeDetailViewModel.swift; sourceTree = "<group>"; };
		22D3B893264325FD0002A1CB /* RecipeView.swift */ = {isa = PBXFileReference; lastKnownFileType = sourcecode.swift; path = RecipeView.swift; sourceTree = "<group>"; };
		22D3B89E2645B0320002A1CB /* GenericMessageInfoAlert.swift */ = {isa = PBXFileReference; lastKnownFileType = sourcecode.swift; path = GenericMessageInfoAlert.swift; sourceTree = "<group>"; };
		2F38F42FDC0C4F50C0B7F91B /* Pods-iosFood2Fork.debug.xcconfig */ = {isa = PBXFileReference; includeInIndex = 1; lastKnownFileType = text.xcconfig; name = "Pods-iosFood2Fork.debug.xcconfig"; path = "Target Support Files/Pods-iosFood2Fork/Pods-iosFood2Fork.debug.xcconfig"; sourceTree = "<group>"; };
		7555FF7B242A565900829871 /* iosFood2Fork.app */ = {isa = PBXFileReference; explicitFileType = wrapper.application; includeInIndex = 0; path = iosFood2Fork.app; sourceTree = BUILT_PRODUCTS_DIR; };
		7555FF8C242A565B00829871 /* Info.plist */ = {isa = PBXFileReference; lastKnownFileType = text.plist.xml; path = Info.plist; sourceTree = "<group>"; };
		F3F27C5FD6200D6CD8710C75 /* Pods-iosFood2Fork.release.xcconfig */ = {isa = PBXFileReference; includeInIndex = 1; lastKnownFileType = text.xcconfig; name = "Pods-iosFood2Fork.release.xcconfig"; path = "Target Support Files/Pods-iosFood2Fork/Pods-iosFood2Fork.release.xcconfig"; sourceTree = "<group>"; };
/* End PBXFileReference section */

/* Begin PBXFrameworksBuildPhase section */
		7D031E8D7819433762B70594 /* Frameworks */ = {
			isa = PBXFrameworksBuildPhase;
			buildActionMask = 2147483647;
			files = (
				5BDB47D334868C22A88CE278 /* Pods_iosFood2Fork.framework in Frameworks */,
			);
			runOnlyForDeploymentPostprocessing = 0;
		};
/* End PBXFrameworksBuildPhase section */

/* Begin PBXGroup section */
		0D8EE7E3A62892567AFD3D6B /* Frameworks */ = {
			isa = PBXGroup;
			children = (
				219AB49DE46487BC9CE2CA74 /* Pods_iosFood2Fork.framework */,
			);
			name = Frameworks;
			sourceTree = "<group>";
		};
		22BB510526430798001255A9 /* fonts */ = {
			isa = PBXGroup;
			children = (
				22BB5106264307FB001255A9 /* Avenir.ttc */,
			);
			path = fonts;
			sourceTree = "<group>";
		};
		22BB510926430878001255A9 /* modifiers */ = {
			isa = PBXGroup;
			children = (
				22BB510A26430883001255A9 /* Color.swift */,
			);
			path = modifiers;
			sourceTree = "<group>";
		};
		22BB510D264308AC001255A9 /* presentation */ = {
			isa = PBXGroup;
			children = (
				22BB5112264308DF001255A9 /* recipe_list */,
				22BB5111264308D9001255A9 /* recipe_detail */,
				22BB5110264308D4001255A9 /* components */,
			);
			path = presentation;
			sourceTree = "<group>";
		};
		22BB5110264308D4001255A9 /* components */ = {
			isa = PBXGroup;
			children = (
				22BB512426431071001255A9 /* DefaultText.swift */,
				22BB512526431071001255A9 /* FoodCategoryChip.swift */,
				22BB512626431072001255A9 /* RecipeCard.swift */,
				22BB512726431072001255A9 /* SearchAppBar.swift */,
				22D3B89E2645B0320002A1CB /* GenericMessageInfoAlert.swift */,
			);
			path = components;
			sourceTree = "<group>";
		};
		22BB5111264308D9001255A9 /* recipe_detail */ = {
			isa = PBXGroup;
			children = (
				22D3B892264325F20002A1CB /* components */,
				22BB513026431109001255A9 /* RecipeDetailScreen.swift */,
				22D3B88F264325200002A1CB /* RecipeDetailViewModel.swift */,
			);
			path = recipe_detail;
			sourceTree = "<group>";
		};
		22BB5112264308DF001255A9 /* recipe_list */ = {
			isa = PBXGroup;
			children = (
				22BB513326431111001255A9 /* RecipeListScreen.swift */,
				22BB513426431111001255A9 /* RecipeListViewModel.swift */,
			);
			path = recipe_list;
			sourceTree = "<group>";
		};
		22D3B892264325F20002A1CB /* components */ = {
			isa = PBXGroup;
			children = (
				22D3B893264325FD0002A1CB /* RecipeView.swift */,
			);
			path = components;
			sourceTree = "<group>";
		};
		52E6BA7785F9EEF5775D20DE /* Pods */ = {
			isa = PBXGroup;
			children = (
				2F38F42FDC0C4F50C0B7F91B /* Pods-iosFood2Fork.debug.xcconfig */,
				F3F27C5FD6200D6CD8710C75 /* Pods-iosFood2Fork.release.xcconfig */,
			);
			path = Pods;
			sourceTree = "<group>";
		};
		7555FF72242A565900829871 = {
			isa = PBXGroup;
			children = (
				7555FF7D242A565900829871 /* iosFood2Fork */,
				7555FF7C242A565900829871 /* Products */,
				52E6BA7785F9EEF5775D20DE /* Pods */,
				0D8EE7E3A62892567AFD3D6B /* Frameworks */,
			);
			sourceTree = "<group>";
		};
		7555FF7C242A565900829871 /* Products */ = {
			isa = PBXGroup;
			children = (
				7555FF7B242A565900829871 /* iosFood2Fork.app */,
			);
			name = Products;
			sourceTree = "<group>";
		};
		7555FF7D242A565900829871 /* iosFood2Fork */ = {
			isa = PBXGroup;
			children = (
				22BB510D264308AC001255A9 /* presentation */,
				22BB510926430878001255A9 /* modifiers */,
				22BB510526430798001255A9 /* fonts */,
				7555FF8C242A565B00829871 /* Info.plist */,
				2152FB032600AC8F00CF470E /* iOSApp.swift */,
				22BB512126431037001255A9 /* assets.xcassets */,
			);
			path = iosFood2Fork;
			sourceTree = "<group>";
		};
/* End PBXGroup section */

/* Begin PBXNativeTarget section */
		7555FF7A242A565900829871 /* iosFood2Fork */ = {
			isa = PBXNativeTarget;
			buildConfigurationList = 7555FFA5242A565B00829871 /* Build configuration list for PBXNativeTarget "iosFood2Fork" */;
			buildPhases = (
				34C36D732D26FC8F996AC20C /* [CP] Check Pods Manifest.lock */,
				7555FF77242A565900829871 /* Sources */,
				7555FF79242A565900829871 /* Resources */,
				7D031E8D7819433762B70594 /* Frameworks */,
				0885226A387A0BB3BE45343F /* [CP] Embed Pods Frameworks */,
			);
			buildRules = (
			);
			dependencies = (
			);
			name = iosFood2Fork;
			productName = iosFood2Fork;
			productReference = 7555FF7B242A565900829871 /* iosFood2Fork.app */;
			productType = "com.apple.product-type.application";
		};
/* End PBXNativeTarget section */

/* Begin PBXProject section */
		7555FF73242A565900829871 /* Project object */ = {
			isa = PBXProject;
			attributes = {
				LastSwiftUpdateCheck = 1130;
				LastUpgradeCheck = 1130;
				ORGANIZATIONNAME = orgName;
				TargetAttributes = {
					7555FF7A242A565900829871 = {
						CreatedOnToolsVersion = 11.3.1;
					};
				};
			};
			buildConfigurationList = 7555FF76242A565900829871 /* Build configuration list for PBXProject "iosFood2Fork" */;
			compatibilityVersion = "Xcode 9.3";
			developmentRegion = en;
			hasScannedForEncodings = 0;
			knownRegions = (
				en,
				Base,
			);
			mainGroup = 7555FF72242A565900829871;
			productRefGroup = 7555FF7C242A565900829871 /* Products */;
			projectDirPath = "";
			projectRoot = "";
			targets = (
				7555FF7A242A565900829871 /* iosFood2Fork */,
			);
		};
/* End PBXProject section */

/* Begin PBXResourcesBuildPhase section */
		7555FF79242A565900829871 /* Resources */ = {
			isa = PBXResourcesBuildPhase;
			buildActionMask = 2147483647;
			files = (
				22BB512226431037001255A9 /* assets.xcassets in Resources */,
				22BB5107264307FB001255A9 /* Avenir.ttc in Resources */,
			);
			runOnlyForDeploymentPostprocessing = 0;
		};
/* End PBXResourcesBuildPhase section */

/* Begin PBXShellScriptBuildPhase section */
		0885226A387A0BB3BE45343F /* [CP] Embed Pods Frameworks */ = {
			isa = PBXShellScriptBuildPhase;
			buildActionMask = 2147483647;
			files = (
			);
			inputFileListPaths = (
				"${PODS_ROOT}/Target Support Files/Pods-iosFood2Fork/Pods-iosFood2Fork-frameworks-${CONFIGURATION}-input-files.xcfilelist",
			);
			name = "[CP] Embed Pods Frameworks";
			outputFileListPaths = (
				"${PODS_ROOT}/Target Support Files/Pods-iosFood2Fork/Pods-iosFood2Fork-frameworks-${CONFIGURATION}-output-files.xcfilelist",
			);
			runOnlyForDeploymentPostprocessing = 0;
			shellPath = /bin/sh;
			shellScript = "\"${PODS_ROOT}/Target Support Files/Pods-iosFood2Fork/Pods-iosFood2Fork-frameworks.sh\"\n";
			showEnvVarsInLog = 0;
		};
		34C36D732D26FC8F996AC20C /* [CP] Check Pods Manifest.lock */ = {
			isa = PBXShellScriptBuildPhase;
			buildActionMask = 2147483647;
			files = (
			);
			inputFileListPaths = (
			);
			inputPaths = (
				"${PODS_PODFILE_DIR_PATH}/Podfile.lock",
				"${PODS_ROOT}/Manifest.lock",
			);
			name = "[CP] Check Pods Manifest.lock";
			outputFileListPaths = (
			);
			outputPaths = (
				"$(DERIVED_FILE_DIR)/Pods-iosFood2Fork-checkManifestLockResult.txt",
			);
			runOnlyForDeploymentPostprocessing = 0;
			shellPath = /bin/sh;
			shellScript = "diff \"${PODS_PODFILE_DIR_PATH}/Podfile.lock\" \"${PODS_ROOT}/Manifest.lock\" > /dev/null\nif [ $? != 0 ] ; then\n    # print error to STDERR\n    echo \"error: The sandbox is not in sync with the Podfile.lock. Run 'pod install' or update your CocoaPods installation.\" >&2\n    exit 1\nfi\n# This output is used by Xcode 'outputs' to avoid re-running this script phase.\necho \"SUCCESS\" > \"${SCRIPT_OUTPUT_FILE_0}\"\n";
			showEnvVarsInLog = 0;
		};
/* End PBXShellScriptBuildPhase section */

/* Begin PBXSourcesBuildPhase section */
		7555FF77242A565900829871 /* Sources */ = {
			isa = PBXSourcesBuildPhase;
			buildActionMask = 2147483647;
			files = (
				22D3B89F2645B0320002A1CB /* GenericMessageInfoAlert.swift in Sources */,
				2152FB042600AC8F00CF470E /* iOSApp.swift in Sources */,
				22BB512B26431072001255A9 /* SearchAppBar.swift in Sources */,
				22BB512826431072001255A9 /* DefaultText.swift in Sources */,
				22D3B890264325200002A1CB /* RecipeDetailViewModel.swift in Sources */,
				22D3B894264325FD0002A1CB /* RecipeView.swift in Sources */,
				22BB513526431111001255A9 /* RecipeListScreen.swift in Sources */,
				22BB512A26431072001255A9 /* RecipeCard.swift in Sources */,
				22BB513626431111001255A9 /* RecipeListViewModel.swift in Sources */,
				22BB510B26430883001255A9 /* Color.swift in Sources */,
				22BB512926431072001255A9 /* FoodCategoryChip.swift in Sources */,
				22BB513126431109001255A9 /* RecipeDetailScreen.swift in Sources */,
			);
			runOnlyForDeploymentPostprocessing = 0;
		};
/* End PBXSourcesBuildPhase section */

/* Begin XCBuildConfiguration section */
		7555FFA3242A565B00829871 /* Debug */ = {
			isa = XCBuildConfiguration;
			buildSettings = {
				ALWAYS_SEARCH_USER_PATHS = NO;
				CLANG_ANALYZER_NONNULL = YES;
				CLANG_ANALYZER_NUMBER_OBJECT_CONVERSION = YES_AGGRESSIVE;
				CLANG_CXX_LANGUAGE_STANDARD = "gnu++14";
				CLANG_CXX_LIBRARY = "libc++";
				CLANG_ENABLE_MODULES = YES;
				CLANG_ENABLE_OBJC_ARC = YES;
				CLANG_ENABLE_OBJC_WEAK = YES;
				CLANG_WARN_BLOCK_CAPTURE_AUTORELEASING = YES;
				CLANG_WARN_BOOL_CONVERSION = YES;
				CLANG_WARN_COMMA = YES;
				CLANG_WARN_CONSTANT_CONVERSION = YES;
				CLANG_WARN_DEPRECATED_OBJC_IMPLEMENTATIONS = YES;
				CLANG_WARN_DIRECT_OBJC_ISA_USAGE = YES_ERROR;
				CLANG_WARN_DOCUMENTATION_COMMENTS = YES;
				CLANG_WARN_EMPTY_BODY = YES;
				CLANG_WARN_ENUM_CONVERSION = YES;
				CLANG_WARN_INFINITE_RECURSION = YES;
				CLANG_WARN_INT_CONVERSION = YES;
				CLANG_WARN_NON_LITERAL_NULL_CONVERSION = YES;
				CLANG_WARN_OBJC_IMPLICIT_RETAIN_SELF = YES;
				CLANG_WARN_OBJC_LITERAL_CONVERSION = YES;
				CLANG_WARN_OBJC_ROOT_CLASS = YES_ERROR;
				CLANG_WARN_QUOTED_INCLUDE_IN_FRAMEWORK_HEADER = YES;
				CLANG_WARN_RANGE_LOOP_ANALYSIS = YES;
				CLANG_WARN_STRICT_PROTOTYPES = YES;
				CLANG_WARN_SUSPICIOUS_MOVE = YES;
				CLANG_WARN_UNGUARDED_AVAILABILITY = YES_AGGRESSIVE;
				CLANG_WARN_UNREACHABLE_CODE = YES;
				CLANG_WARN__DUPLICATE_METHOD_MATCH = YES;
				COPY_PHASE_STRIP = NO;
				DEBUG_INFORMATION_FORMAT = "dwarf-with-dsym";
				ENABLE_STRICT_OBJC_MSGSEND = YES;
				ENABLE_TESTABILITY = YES;
				GCC_C_LANGUAGE_STANDARD = gnu11;
				GCC_DYNAMIC_NO_PIC = NO;
				GCC_NO_COMMON_BLOCKS = YES;
				GCC_OPTIMIZATION_LEVEL = 0;
				GCC_PREPROCESSOR_DEFINITIONS = (
					"DEBUG=1",
					"$(inherited)",
				);
				GCC_WARN_64_TO_32_BIT_CONVERSION = YES;
				GCC_WARN_ABOUT_RETURN_TYPE = YES_ERROR;
				GCC_WARN_UNDECLARED_SELECTOR = YES;
				GCC_WARN_UNINITIALIZED_AUTOS = YES_AGGRESSIVE;
				GCC_WARN_UNUSED_FUNCTION = YES;
				GCC_WARN_UNUSED_VARIABLE = YES;
				IPHONEOS_DEPLOYMENT_TARGET = 14.1;
				MTL_ENABLE_DEBUG_INFO = INCLUDE_SOURCE;
				MTL_FAST_MATH = YES;
				ONLY_ACTIVE_ARCH = YES;
				SDKROOT = iphoneos;
				SWIFT_ACTIVE_COMPILATION_CONDITIONS = DEBUG;
				SWIFT_OPTIMIZATION_LEVEL = "-Onone";
			};
			name = Debug;
		};
		7555FFA4242A565B00829871 /* Release */ = {
			isa = XCBuildConfiguration;
			buildSettings = {
				ALWAYS_SEARCH_USER_PATHS = NO;
				CLANG_ANALYZER_NONNULL = YES;
				CLANG_ANALYZER_NUMBER_OBJECT_CONVERSION = YES_AGGRESSIVE;
				CLANG_CXX_LANGUAGE_STANDARD = "gnu++14";
				CLANG_CXX_LIBRARY = "libc++";
				CLANG_ENABLE_MODULES = YES;
				CLANG_ENABLE_OBJC_ARC = YES;
				CLANG_ENABLE_OBJC_WEAK = YES;
				CLANG_WARN_BLOCK_CAPTURE_AUTORELEASING = YES;
				CLANG_WARN_BOOL_CONVERSION = YES;
				CLANG_WARN_COMMA = YES;
				CLANG_WARN_CONSTANT_CONVERSION = YES;
				CLANG_WARN_DEPRECATED_OBJC_IMPLEMENTATIONS = YES;
				CLANG_WARN_DIRECT_OBJC_ISA_USAGE = YES_ERROR;
				CLANG_WARN_DOCUMENTATION_COMMENTS = YES;
				CLANG_WARN_EMPTY_BODY = YES;
				CLANG_WARN_ENUM_CONVERSION = YES;
				CLANG_WARN_INFINITE_RECURSION = YES;
				CLANG_WARN_INT_CONVERSION = YES;
				CLANG_WARN_NON_LITERAL_NULL_CONVERSION = YES;
				CLANG_WARN_OBJC_IMPLICIT_RETAIN_SELF = YES;
				CLANG_WARN_OBJC_LITERAL_CONVERSION = YES;
				CLANG_WARN_OBJC_ROOT_CLASS = YES_ERROR;
				CLANG_WARN_QUOTED_INCLUDE_IN_FRAMEWORK_HEADER = YES;
				CLANG_WARN_RANGE_LOOP_ANALYSIS = YES;
				CLANG_WARN_STRICT_PROTOTYPES = YES;
				CLANG_WARN_SUSPICIOUS_MOVE = YES;
				CLANG_WARN_UNGUARDED_AVAILABILITY = YES_AGGRESSIVE;
				CLANG_WARN_UNREACHABLE_CODE = YES;
				CLANG_WARN__DUPLICATE_METHOD_MATCH = YES;
				COPY_PHASE_STRIP = NO;
				DEBUG_INFORMATION_FORMAT = "dwarf-with-dsym";
				ENABLE_NS_ASSERTIONS = NO;
				ENABLE_STRICT_OBJC_MSGSEND = YES;
				GCC_C_LANGUAGE_STANDARD = gnu11;
				GCC_NO_COMMON_BLOCKS = YES;
				GCC_WARN_64_TO_32_BIT_CONVERSION = YES;
				GCC_WARN_ABOUT_RETURN_TYPE = YES_ERROR;
				GCC_WARN_UNDECLARED_SELECTOR = YES;
				GCC_WARN_UNINITIALIZED_AUTOS = YES_AGGRESSIVE;
				GCC_WARN_UNUSED_FUNCTION = YES;
				GCC_WARN_UNUSED_VARIABLE = YES;
				IPHONEOS_DEPLOYMENT_TARGET = 14.1;
				MTL_ENABLE_DEBUG_INFO = NO;
				MTL_FAST_MATH = YES;
				SDKROOT = iphoneos;
				SWIFT_COMPILATION_MODE = wholemodule;
				SWIFT_OPTIMIZATION_LEVEL = "-O";
				VALIDATE_PRODUCT = YES;
			};
			name = Release;
		};
		7555FFA6242A565B00829871 /* Debug */ = {
			isa = XCBuildConfiguration;
			baseConfigurationReference = 2F38F42FDC0C4F50C0B7F91B /* Pods-iosFood2Fork.debug.xcconfig */;
			buildSettings = {
				ASSETCATALOG_COMPILER_APPICON_NAME = AppIcon;
				CODE_SIGN_STYLE = Automatic;
				DEVELOPMENT_TEAM = 8ZVFT372F9;
				ENABLE_PREVIEWS = YES;
				"EXCLUDED_ARCHS[sdk=iphonesimulator*]" = arm64;
				INFOPLIST_FILE = iosFood2Fork/Info.plist;
				LD_RUNPATH_SEARCH_PATHS = (
					"$(inherited)",
					"@executable_path/Frameworks",
				);
				OTHER_LDFLAGS = (
					"$(inherited)",
					"-ObjC",
					"-l\"c++\"",
					"-framework",
					"\"shared\"",
					"-lsqlite3",
				);
				PRODUCT_BUNDLE_IDENTIFIER = com.codingwithmitch.iosFood2Fork;
				PRODUCT_NAME = "$(TARGET_NAME)";
				SWIFT_VERSION = 5.0;
				TARGETED_DEVICE_FAMILY = "1,2";
			};
			name = Debug;
		};
		7555FFA7242A565B00829871 /* Release */ = {
			isa = XCBuildConfiguration;
			baseConfigurationReference = F3F27C5FD6200D6CD8710C75 /* Pods-iosFood2Fork.release.xcconfig */;
			buildSettings = {
				ASSETCATALOG_COMPILER_APPICON_NAME = AppIcon;
				CODE_SIGN_STYLE = Automatic;
				DEVELOPMENT_TEAM = 8ZVFT372F9;
				ENABLE_PREVIEWS = YES;
				"EXCLUDED_ARCHS[sdk=iphonesimulator*]" = arm64;
				INFOPLIST_FILE = iosFood2Fork/Info.plist;
				LD_RUNPATH_SEARCH_PATHS = (
					"$(inherited)",
					"@executable_path/Frameworks",
				);
				OTHER_LDFLAGS = (
					"$(inherited)",
					"-ObjC",
					"-l\"c++\"",
					"-framework",
					"\"shared\"",
					"-lsqlite3",
				);
				PRODUCT_BUNDLE_IDENTIFIER = com.codingwithmitch.iosFood2Fork;
				PRODUCT_NAME = "$(TARGET_NAME)";
				SWIFT_VERSION = 5.0;
				TARGETED_DEVICE_FAMILY = "1,2";
			};
			name = Release;
		};
/* End XCBuildConfiguration section */

/* Begin XCConfigurationList section */
		7555FF76242A565900829871 /* Build configuration list for PBXProject "iosFood2Fork" */ = {
			isa = XCConfigurationList;
			buildConfigurations = (
				7555FFA3242A565B00829871 /* Debug */,
				7555FFA4242A565B00829871 /* Release */,
			);
			defaultConfigurationIsVisible = 0;
			defaultConfigurationName = Debug;
		};
		7555FFA5242A565B00829871 /* Build configuration list for PBXNativeTarget "iosFood2Fork" */ = {
			isa = XCConfigurationList;
			buildConfigurations = (
				7555FFA6242A565B00829871 /* Debug */,
				7555FFA7242A565B00829871 /* Release */,
			);
			defaultConfigurationIsVisible = 0;
			defaultConfigurationName = Debug;
		};
/* End XCConfigurationList section */
	};
	rootObject = 7555FF73242A565900829871 /* Project object */;
}
